
Microsoft Visual Studio Solution File, Format Version 12.00
# Visual Studio 15
VisualStudioVersion = 15.0.26228.4
MinimumVisualStudioVersion = 10.0.40219.1
Project("{FAE04EC0-301F-11D3-BF4B-00C04F79EFBC}") = "BlankSolution_Homework09.Models", "BlankSolution_Homework09.Models\BlankSolution_Homework09.Models.csproj", "{A37B535B-96A0-4313-BB16-FDCE2C13682A}"
EndProject
Project("{FAE04EC0-301F-11D3-BF4B-00C04F79EFBC}") = "Program", "Program\Program.csproj", "{8EA971E5-3550-4E67-A0B0-AB8452AABFA9}"
EndProject
Global
	GlobalSection(SolutionConfigurationPlatforms) = preSolution
		Debug|Any CPU = Debug|Any CPU
		Release|Any CPU = Release|Any CPU
	EndGlobalSection
	GlobalSection(ProjectConfigurationPlatforms) = postSolution
		{A37B535B-96A0-4313-BB16-FDCE2C13682A}.Debug|Any CPU.ActiveCfg = Debug|Any CPU
		{A37B535B-96A0-4313-BB16-FDCE2C13682A}.Debug|Any CPU.Build.0 = Debug|Any CPU
		{A37B535B-96A0-4313-BB16-FDCE2C13682A}.Release|Any CPU.ActiveCfg = Release|Any CPU
		{A37B535B-96A0-4313-BB16-FDCE2C13682A}.Release|Any CPU.Build.0 = Release|Any CPU
		{8EA971E5-3550-4E67-A0B0-AB8452AABFA9}.Debug|Any CPU.ActiveCfg = Debug|Any CPU
		{8EA971E5-3550-4E67-A0B0-AB8452AABFA9}.Debug|Any CPU.Build.0 = Debug|Any CPU
		{8EA971E5-3550-4E67-A0B0-AB8452AABFA9}.Release|Any CPU.ActiveCfg = Release|Any CPU
		{8EA971E5-3550-4E67-A0B0-AB8452AABFA9}.Release|Any CPU.Build.0 = Release|Any CPU
	EndGlobalSection
	GlobalSection(SolutionProperties) = preSolution
		HideSolutionNode = FALSE
	EndGlobalSection
EndGlobal
